
Microsoft Visual Studio Solution File, Format Version 12.00
# Visual Studio Version 16
Project("{FAE04EC0-301F-11D3-BF4B-00C04F79EFBC}") = "PandoLogic.API", "PandoLogic.API\PandoLogic.API.csproj", "{A73CAB53-4324-4066-BC56-CBC70C03D1CC}"
EndProject
Project("{FAE04EC0-301F-11D3-BF4B-00C04F79EFBC}") = "PandoLogic.Domain", "PandoLogic.Domain\PandoLogic.Domain.csproj", "{C89FF073-866E-4829-BA9B-68E7B92AF998}"
EndProject
Project("{FAE04EC0-301F-11D3-BF4B-00C04F79EFBC}") = "PandoLogic.Application", "PandoLogic.Application\PandoLogic.Application.csproj", "{B3B7D256-F735-4623-B519-B7CD00920836}"
EndProject
Project("{FAE04EC0-301F-11D3-BF4B-00C04F79EFBC}") = "PandoLogic.Infrastructure", "PandoLogic.Infrastructure\PandoLogic.Infrastructure.csproj", "{8A86A80F-C9E8-4AC5-8CB5-A9AD78946F05}"
EndProject
Project("{E53339B2-1760-4266-BCC7-CA923CBCF16C}") = "docker-compose", "docker-compose.dcproj", "{9EAA281E-5CCD-4CFB-AB0E-EB7BB8C0CC52}"
EndProject
Global
	GlobalSection(SolutionConfigurationPlatforms) = preSolution
		Debug|Any CPU = Debug|Any CPU
		Release|Any CPU = Release|Any CPU
	EndGlobalSection
	GlobalSection(ProjectConfigurationPlatforms) = postSolution
		{A73CAB53-4324-4066-BC56-CBC70C03D1CC}.Debug|Any CPU.ActiveCfg = Debug|Any CPU
		{A73CAB53-4324-4066-BC56-CBC70C03D1CC}.Debug|Any CPU.Build.0 = Debug|Any CPU
		{A73CAB53-4324-4066-BC56-CBC70C03D1CC}.Release|Any CPU.ActiveCfg = Release|Any CPU
		{A73CAB53-4324-4066-BC56-CBC70C03D1CC}.Release|Any CPU.Build.0 = Release|Any CPU
		{C89FF073-866E-4829-BA9B-68E7B92AF998}.Debug|Any CPU.ActiveCfg = Debug|Any CPU
		{C89FF073-866E-4829-BA9B-68E7B92AF998}.Debug|Any CPU.Build.0 = Debug|Any CPU
		{C89FF073-866E-4829-BA9B-68E7B92AF998}.Release|Any CPU.ActiveCfg = Release|Any CPU
		{C89FF073-866E-4829-BA9B-68E7B92AF998}.Release|Any CPU.Build.0 = Release|Any CPU
		{B3B7D256-F735-4623-B519-B7CD00920836}.Debug|Any CPU.ActiveCfg = Debug|Any CPU
		{B3B7D256-F735-4623-B519-B7CD00920836}.Debug|Any CPU.Build.0 = Debug|Any CPU
		{B3B7D256-F735-4623-B519-B7CD00920836}.Release|Any CPU.ActiveCfg = Release|Any CPU
		{B3B7D256-F735-4623-B519-B7CD00920836}.Release|Any CPU.Build.0 = Release|Any CPU
		{8A86A80F-C9E8-4AC5-8CB5-A9AD78946F05}.Debug|Any CPU.ActiveCfg = Debug|Any CPU
		{8A86A80F-C9E8-4AC5-8CB5-A9AD78946F05}.Debug|Any CPU.Build.0 = Debug|Any CPU
		{8A86A80F-C9E8-4AC5-8CB5-A9AD78946F05}.Release|Any CPU.ActiveCfg = Release|Any CPU
		{8A86A80F-C9E8-4AC5-8CB5-A9AD78946F05}.Release|Any CPU.Build.0 = Release|Any CPU
		{9EAA281E-5CCD-4CFB-AB0E-EB7BB8C0CC52}.Debug|Any CPU.ActiveCfg = Debug|Any CPU
		{9EAA281E-5CCD-4CFB-AB0E-EB7BB8C0CC52}.Debug|Any CPU.Build.0 = Debug|Any CPU
		{9EAA281E-5CCD-4CFB-AB0E-EB7BB8C0CC52}.Release|Any CPU.ActiveCfg = Release|Any CPU
		{9EAA281E-5CCD-4CFB-AB0E-EB7BB8C0CC52}.Release|Any CPU.Build.0 = Release|Any CPU
	EndGlobalSection
EndGlobal
